# This file is autogenerated, do not edit; changes may be undone by the next 'dep ensure'.


[[projects]]
  branch = "master"
  name = "github.com/takuyaohashi/go-wav"
  packages = ["."]
  revision = "43dbf46fba81fc422406da812968bde69b04a53f"

[solve-meta]
  analyzer-name = "dep"
  analyzer-version = 1
  inputs-digest = "0bb2df96c1be31bd1290ffcd314cb5b0ae5ae4f1bba9dead9ed25d29a83c510b"
  solver-name = "gps-cdcl"
  solver-version = 1
